
Microsoft Visual Studio Solution File, Format Version 12.00
# Visual Studio Version 16
VisualStudioVersion = 16.0.30320.27
MinimumVisualStudioVersion = 10.0.40219.1
Project("{FAE04EC0-301F-11D3-BF4B-00C04F79EFBC}") = "EventBus", "EventBus\EventBus.csproj", "{B0650E09-40B8-4AA8-AE1E-166FAFA76E23}"
EndProject
Global
	GlobalSection(SolutionConfigurationPlatforms) = preSolution
		Debug|Any CPU = Debug|Any CPU
		Release|Any CPU = Release|Any CPU
	EndGlobalSection
	GlobalSection(ProjectConfigurationPlatforms) = postSolution
		{B0650E09-40B8-4AA8-AE1E-166FAFA76E23}.Debug|Any CPU.ActiveCfg = Debug|Any CPU
		{B0650E09-40B8-4AA8-AE1E-166FAFA76E23}.Debug|Any CPU.Build.0 = Debug|Any CPU
		{B0650E09-40B8-4AA8-AE1E-166FAFA76E23}.Release|Any CPU.ActiveCfg = Release|Any CPU
		{B0650E09-40B8-4AA8-AE1E-166FAFA76E23}.Release|Any CPU.Build.0 = Release|Any CPU
	EndGlobalSection
	GlobalSection(SolutionProperties) = preSolution
		HideSolutionNode = FALSE
	EndGlobalSection
	GlobalSection(ExtensibilityGlobals) = postSolution
		SolutionGuid = {C723957B-631B-4ADA-BC38-A2FFB0FAD852}
	EndGlobalSection
EndGlobal
